PODS:
  - AFNetworking (3.2.1):
    - AFNetworking/NSURLSession (= 3.2.1)
    - AFNetworking/Reachability (= 3.2.1)
    - AFNetworking/Security (= 3.2.1)
    - AFNetworking/Serialization (= 3.2.1)
    - AFNetworking/UIKit (= 3.2.1)
  - AFNetworking/NSURLSession (3.2.1):
    - AFNetworking/Reachability
    - AFNetworking/Security
    - AFNetworking/Serialization
  - AFNetworking/Reachability (3.2.1)
  - AFNetworking/Security (3.2.1)
  - AFNetworking/Serialization (3.2.1)
  - AFNetworking/UIKit (3.2.1):
    - AFNetworking/NSURLSession
  - DZNEmptyDataSet (1.8.1)
  - FLAnimatedImage (1.0.12)
  - IQKeyboardManager (6.5.4)
  - LCActionSheet (3.5.4):
    - Masonry (~> 1.1.0)
  - Masonry (1.1.0)
  - MJExtension (3.2.1)
  - MJRefresh (3.3.1)
  - Reachability (3.2)
  - RKNotificationHub (2.0.5)
  - SDCycleScrollView (1.75):
    - SDWebImage (>= 4.0.0)
  - SDWebImage (4.4.7):
    - SDWebImage/Core (= 4.4.7)
  - SDWebImage/Core (4.4.7)
  - SDWebImage/GIF (4.4.7):
    - FLAnimatedImage (~> 1.0)
    - SDWebImage/Core
  - SVProgressHUD (2.2.5)
  - Toast (4.0.0)
  - WechatOpenSDK (1.8.6)
  - YYKit (1.0.9):
    - YYKit/no-arc (= 1.0.9)
  - YYKit/no-arc (1.0.9)

DEPENDENCIES:
  - AFNetworking
  - DZNEmptyDataSet
  - FLAnimatedImage
  - IQKeyboardManager
  - LCActionSheet
  - Masonry
  - MJExtension
  - MJRefresh
  - Reachability
  - RKNotificationHub
  - SDCycleScrollView
  - SDWebImage/GIF
  - SVProgressHUD
  - Toast
  - WechatOpenSDK
  - YYKit

SPEC REPOS:
  trunk:
    - AFNetworking
    - DZNEmptyDataSet
    - FLAnimatedImage
    - IQKeyboardManager
    - LCActionSheet
    - Masonry
    - MJExtension
    - MJRefresh
    - Reachability
    - RKNotificationHub
    - SDCycleScrollView
    - SDWebImage
    - SVProgressHUD
    - Toast
    - WechatOpenSDK
    - YYKit

SPEC CHECKSUMS:
  AFNetworking: b6f891fdfaed196b46c7a83cf209e09697b94057
  DZNEmptyDataSet: 9525833b9e68ac21c30253e1d3d7076cc828eaa7
  FLAnimatedImage: 4a0b56255d9b05f18b6dd7ee06871be5d3b89e31
  IQKeyboardManager: 72b359cd7e777e3a984cedbe05f8da45320cbb63
  LCActionSheet: a015dee43c54c8f6631e86facd9e2ad59dc1b5ab
  Masonry: 678fab65091a9290e40e2832a55e7ab731aad201
  MJExtension: 635f2c663dcb1bf76fa4b715b2570a5710aec545
  MJRefresh: eeda70fbf0ad277f3178cef1cd0c3532591d6237
  Reachability: 33e18b67625424e47b6cde6d202dce689ad7af96
  RKNotificationHub: e926748820d719f21ff374657a47fceefa1796b4
  SDCycleScrollView: 884b88f0266dd4708a0e1934975c69cb971707b1
  SDWebImage: c10d14a8883ebd89664f02a422006f66a85c0c5d
  SVProgressHUD: 1428aafac632c1f86f62aa4243ec12008d7a51d6
  Toast: 91b396c56ee72a5790816f40d3a94dd357abc196
  WechatOpenSDK: 368ae03b72ee3ea1328c4f11326fbb5d2721d118
  YYKit: 7cda43304a8dc3696c449041e2cb3107b4e236e7

PODFILE CHECKSUM: 25ae26d94381ef7174a6bf60e93c734bca0364e8

COCOAPODS: 1.8.4
